
Microsoft Visual Studio Solution File, Format Version 12.00
# Visual Studio Version 16
VisualStudioVersion = 16.0.30503.244
MinimumVisualStudioVersion = 10.0.40219.1
Project("{9A19103F-16F7-4668-BE54-9A1E7A4F7556}") = "Calculator", "calculator\Calculator.csproj", "{D205794D-C1B0-4F31-B14C-3243D727C1B2}"
EndProject
Project("{9A19103F-16F7-4668-BE54-9A1E7A4F7556}") = "CalculatorLibrary1", "CalculatorLibrary1\CalculatorLibrary1.csproj", "{EDAC4A29-33B7-4690-96CC-984333D010FB}"
EndProject
Project("{FAE04EC0-301F-11D3-BF4B-00C04F79EFBC}") = "Claculatortesting", "Clalcuatortesting\Claculatortesting.csproj", "{71374122-74AE-4E1E-96E7-708BB406A970}"
EndProject
Global
	GlobalSection(SolutionConfigurationPlatforms) = preSolution
		Debug|Any CPU = Debug|Any CPU
		Release|Any CPU = Release|Any CPU
	EndGlobalSection
	GlobalSection(ProjectConfigurationPlatforms) = postSolution
		{D205794D-C1B0-4F31-B14C-3243D727C1B2}.Debug|Any CPU.ActiveCfg = Debug|Any CPU
		{D205794D-C1B0-4F31-B14C-3243D727C1B2}.Debug|Any CPU.Build.0 = Debug|Any CPU
		{D205794D-C1B0-4F31-B14C-3243D727C1B2}.Release|Any CPU.ActiveCfg = Release|Any CPU
		{D205794D-C1B0-4F31-B14C-3243D727C1B2}.Release|Any CPU.Build.0 = Release|Any CPU
		{EDAC4A29-33B7-4690-96CC-984333D010FB}.Debug|Any CPU.ActiveCfg = Debug|Any CPU
		{EDAC4A29-33B7-4690-96CC-984333D010FB}.Debug|Any CPU.Build.0 = Debug|Any CPU
		{EDAC4A29-33B7-4690-96CC-984333D010FB}.Release|Any CPU.ActiveCfg = Release|Any CPU
		{EDAC4A29-33B7-4690-96CC-984333D010FB}.Release|Any CPU.Build.0 = Release|Any CPU
		{71374122-74AE-4E1E-96E7-708BB406A970}.Debug|Any CPU.ActiveCfg = Debug|Any CPU
		{71374122-74AE-4E1E-96E7-708BB406A970}.Debug|Any CPU.Build.0 = Debug|Any CPU
		{71374122-74AE-4E1E-96E7-708BB406A970}.Release|Any CPU.ActiveCfg = Release|Any CPU
		{71374122-74AE-4E1E-96E7-708BB406A970}.Release|Any CPU.Build.0 = Release|Any CPU
	EndGlobalSection
	GlobalSection(SolutionProperties) = preSolution
		HideSolutionNode = FALSE
	EndGlobalSection
	GlobalSection(ExtensibilityGlobals) = postSolution
		SolutionGuid = {AFFA457D-178C-417A-98A1-C66EBCD76015}
	EndGlobalSection
EndGlobal
